{
  "version": 4,
  "terraform_version": "1.2.9",
  "serial": 7,
  "lineage": "997ed88c-767b-3f80-d8b3-1c1b5de10062",
  "outputs": {},
  "resources": [
    {
      "mode": "managed",
      "type": "local_file",
      "name": "test-local",
      "provider": "provider[\"registry.terraform.io/hashicorp/local\"]",
      "instances": [
        {
          "schema_version": 0,
          "attributes": {
            "content": "variable-test",
            "content_base64": null,
            "directory_permission": "0777",
            "file_permission": "0777",
            "filename": "C:/Users/netzoundx/Desktop/Terraform/local/local-test.txt",
            "id": "14792dd8ce248dc35628b17af9eaa8fd78b28d52",
            "sensitive_content": null,
            "source": null
          },
          "sensitive_attributes": [],
          "private": "bnVsbA=="
        }
      ]
    }
  ]
}
